
Microsoft Visual Studio Solution File, Format Version 12.00
# Visual Studio 15
VisualStudioVersion = 15.0.28307.329
MinimumVisualStudioVersion = 10.0.40219.1
Project("{888888A0-9F3D-457C-B088-3A5042F75D52}") = "PyterPreter", "PythonApplication1\PyterPreter.pyproj", "{0F9803CD-4CA4-423C-B6DB-28BBB4E5D85E}"
EndProject
Project("{2150E333-8FDC-42A3-9474-1A3956D46DE8}") = "Solution Items", "Solution Items", "{722BB0E5-BA23-4FA0-91EF-9456A3826CAD}"
	ProjectSection(SolutionItems) = preProject
		TextFile1.txt = TextFile1.txt
	EndProjectSection
EndProject
Global
	GlobalSection(SolutionConfigurationPlatforms) = preSolution
		Debug|Any CPU = Debug|Any CPU
		Release|Any CPU = Release|Any CPU
	EndGlobalSection
	GlobalSection(ProjectConfigurationPlatforms) = postSolution
		{0F9803CD-4CA4-423C-B6DB-28BBB4E5D85E}.Debug|Any CPU.ActiveCfg = Debug|Any CPU
		{0F9803CD-4CA4-423C-B6DB-28BBB4E5D85E}.Release|Any CPU.ActiveCfg = Release|Any CPU
	EndGlobalSection
	GlobalSection(SolutionProperties) = preSolution
		HideSolutionNode = FALSE
	EndGlobalSection
	GlobalSection(ExtensibilityGlobals) = postSolution
		SolutionGuid = {19417405-59AC-48A8-B267-021DF518A199}
	EndGlobalSection
EndGlobal
